
Microsoft Visual Studio Solution File, Format Version 12.00
# Visual Studio Version 17
VisualStudioVersion = 17.9.34616.47
MinimumVisualStudioVersion = 10.0.40219.1
Project("{9A19103F-16F7-4668-BE54-9A1E7A4F7556}") = "MinefieldGame", "MinefieldGame\MinefieldGame.csproj", "{94340F2A-25A6-4161-BDD9-83B58FBE9692}"
EndProject
Project("{FAE04EC0-301F-11D3-BF4B-00C04F79EFBC}") = "MinifieldGameTests", "MinifieldGameTests\MinifieldGameTests.csproj", "{1A65CC47-9DE8-46EC-8FEE-BC2E51425313}"
EndProject
Global
	GlobalSection(SolutionConfigurationPlatforms) = preSolution
		Debug|Any CPU = Debug|Any CPU
		Release|Any CPU = Release|Any CPU
	EndGlobalSection
	GlobalSection(ProjectConfigurationPlatforms) = postSolution
		{94340F2A-25A6-4161-BDD9-83B58FBE9692}.Debug|Any CPU.ActiveCfg = Debug|Any CPU
		{94340F2A-25A6-4161-BDD9-83B58FBE9692}.Debug|Any CPU.Build.0 = Debug|Any CPU
		{94340F2A-25A6-4161-BDD9-83B58FBE9692}.Release|Any CPU.ActiveCfg = Release|Any CPU
		{94340F2A-25A6-4161-BDD9-83B58FBE9692}.Release|Any CPU.Build.0 = Release|Any CPU
		{1A65CC47-9DE8-46EC-8FEE-BC2E51425313}.Debug|Any CPU.ActiveCfg = Debug|Any CPU
		{1A65CC47-9DE8-46EC-8FEE-BC2E51425313}.Debug|Any CPU.Build.0 = Debug|Any CPU
		{1A65CC47-9DE8-46EC-8FEE-BC2E51425313}.Release|Any CPU.ActiveCfg = Release|Any CPU
		{1A65CC47-9DE8-46EC-8FEE-BC2E51425313}.Release|Any CPU.Build.0 = Release|Any CPU
	EndGlobalSection
	GlobalSection(SolutionProperties) = preSolution
		HideSolutionNode = FALSE
	EndGlobalSection
	GlobalSection(ExtensibilityGlobals) = postSolution
		SolutionGuid = {D5EA1297-B8CB-445C-B45D-E628CA242041}
	EndGlobalSection
EndGlobal
